
Microsoft Visual Studio Solution File, Format Version 12.00
# Visual Studio Version 17
VisualStudioVersion = 17.7.34009.444
MinimumVisualStudioVersion = 10.0.40219.1
Project("{FAE04EC0-301F-11D3-BF4B-00C04F79EFBC}") = "QLNhanVien", "QLNhanVien\QLNhanVien.csproj", "{3FDD861D-657B-41A1-872A-D9B28F4E9389}"
EndProject
Global
	GlobalSection(SolutionConfigurationPlatforms) = preSolution
		Debug|Any CPU = Debug|Any CPU
		Release|Any CPU = Release|Any CPU
	EndGlobalSection
	GlobalSection(ProjectConfigurationPlatforms) = postSolution
		{3FDD861D-657B-41A1-872A-D9B28F4E9389}.Debug|Any CPU.ActiveCfg = Debug|Any CPU
		{3FDD861D-657B-41A1-872A-D9B28F4E9389}.Debug|Any CPU.Build.0 = Debug|Any CPU
		{3FDD861D-657B-41A1-872A-D9B28F4E9389}.Release|Any CPU.ActiveCfg = Release|Any CPU
		{3FDD861D-657B-41A1-872A-D9B28F4E9389}.Release|Any CPU.Build.0 = Release|Any CPU
	EndGlobalSection
	GlobalSection(SolutionProperties) = preSolution
		HideSolutionNode = FALSE
	EndGlobalSection
	GlobalSection(ExtensibilityGlobals) = postSolution
		SolutionGuid = {DA1084DF-6CBF-4C27-B6AA-70C2B050ECF8}
	EndGlobalSection
EndGlobal
